PODS:
  - AdColony (4.6.0)
  - AppLovinSDK (10.1.1)
  - CriteoPublisherSdk (4.3.1):
    - CriteoPublisherSdk/Sdk (= 4.3.1)
  - CriteoPublisherSdk/Sdk (4.3.1)
  - FBAudienceNetwork (6.3.0):
    - FBSDKCoreKit/Basics (>= 7.0.1)
  - FBSDKCoreKit/Basics (9.2.0)
  - Freestar-Nimbus-SDK (1.8.2)
  - FreestarAds (4.0.0)
  - FreestarAds-AdColony (4.0.0):
    - AdColony (= 4.6.0)
    - FreestarAds (~> 4.0)
  - FreestarAds-AppLovin (4.0.0):
    - AppLovinSDK (= 10.1.1)
    - FreestarAds (~> 4.0)
  - FreestarAds-Criteo (2.0.0):
    - CriteoPublisherSdk (= 4.3.1)
    - FreestarAds (~> 4.0)
  - FreestarAds-GAM (2.0.0):
    - FreestarAds (~> 4.0)
    - Google-Mobile-Ads-SDK (= 7.69.0)
  - FreestarAds-Google (4.0.0):
    - FreestarAds (~> 4.0)
    - GoogleAds-IMA-iOS-SDK (= 3.14.1)
  - FreestarAds-Googleadmob (3.0.0):
    - FreestarAds (~> 4.0)
    - Google-Mobile-Ads-SDK (= 7.69.0)
  - FreestarAds-Mopub (4.0.0):
    - FreestarAds (~> 4.0)
    - mopub-ios-sdk (= 5.16.2)
  - FreestarAds-Nimbus (2.0.0):
    - FBAudienceNetwork (= 6.3.0)
    - Freestar-Nimbus-SDK (~> 1.8)
    - FreestarAds (~> 4.0)
    - GoogleAds-IMA-iOS-SDK (= 3.14.1)
  - FreestarAds-Tapjoy (4.0.0):
    - FreestarAds (~> 4.0)
    - TapjoySDK (= 12.8.0)
  - FreestarAds-Unity (5.0.0):
    - FreestarAds (~> 4.0)
    - UnityAds (= 3.7.0)
  - FreestarAds-Vungle (4.0.0):
    - FreestarAds (~> 4.0)
    - VungleSDK-iOS (= 6.9.1)
  - Google-Mobile-Ads-SDK (7.69.0):
    - GoogleAppMeasurement (~> 7.0)
    - GoogleUserMessagingPlatform (~> 1.1)
  - GoogleAds-IMA-iOS-SDK (3.14.1)
  - GoogleAppMeasurement (7.11.0):
    - GoogleAppMeasurement/AdIdSupport (= 7.11.0)
    - GoogleUtilities/AppDelegateSwizzler (~> 7.0)
    - GoogleUtilities/MethodSwizzler (~> 7.0)
    - GoogleUtilities/Network (~> 7.0)
    - "GoogleUtilities/NSData+zlib (~> 7.0)"
    - nanopb (~> 2.30908.0)
  - GoogleAppMeasurement/AdIdSupport (7.11.0):
    - GoogleUtilities/AppDelegateSwizzler (~> 7.0)
    - GoogleUtilities/MethodSwizzler (~> 7.0)
    - GoogleUtilities/Network (~> 7.0)
    - "GoogleUtilities/NSData+zlib (~> 7.0)"
    - nanopb (~> 2.30908.0)
  - GoogleUserMessagingPlatform (1.4.0)
  - GoogleUtilities/AppDelegateSwizzler (7.4.0):
    - GoogleUtilities/Environment
    - GoogleUtilities/Logger
    - GoogleUtilities/Network
  - GoogleUtilities/Environment (7.4.0):
    - PromisesObjC (~> 1.2)
  - GoogleUtilities/Logger (7.4.0):
    - GoogleUtilities/Environment
  - GoogleUtilities/MethodSwizzler (7.4.0):
    - GoogleUtilities/Logger
  - GoogleUtilities/Network (7.4.0):
    - GoogleUtilities/Logger
    - "GoogleUtilities/NSData+zlib"
    - GoogleUtilities/Reachability
  - "GoogleUtilities/NSData+zlib (7.4.0)"
  - GoogleUtilities/Reachability (7.4.0):
    - GoogleUtilities/Logger
  - mopub-ios-sdk (5.16.2):
    - mopub-ios-sdk/MoPubSDK (= 5.16.2)
  - mopub-ios-sdk/Core (5.16.2)
  - mopub-ios-sdk/MoPubSDK (5.16.2):
    - mopub-ios-sdk/Core
    - mopub-ios-sdk/NativeAds
  - mopub-ios-sdk/NativeAds (5.16.2):
    - mopub-ios-sdk/Core
  - nanopb (2.30908.0):
    - nanopb/decode (= 2.30908.0)
    - nanopb/encode (= 2.30908.0)
  - nanopb/decode (2.30908.0)
  - nanopb/encode (2.30908.0)
  - PromisesObjC (1.2.12)
  - TapjoySDK (12.8.0)
  - UnityAds (3.7.0)
  - VungleSDK-iOS (6.9.1)

DEPENDENCIES:
  - FreestarAds (~> 4.0)
  - FreestarAds-AdColony (~> 4.0)
  - FreestarAds-AppLovin (~> 4.0)
  - FreestarAds-Criteo (~> 2.0)
  - FreestarAds-GAM (~> 2.0)
  - FreestarAds-Google (~> 4.0)
  - FreestarAds-Googleadmob (~> 3.0)
  - FreestarAds-Mopub (~> 4.0)
  - FreestarAds-Nimbus (~> 2.0)
  - FreestarAds-Tapjoy (~> 4.0)
  - FreestarAds-Unity (~> 5.0)
  - FreestarAds-Vungle (~> 4.0)

SPEC REPOS:
  trunk:
    - AdColony
    - AppLovinSDK
    - CriteoPublisherSdk
    - FBAudienceNetwork
    - FBSDKCoreKit
    - Freestar-Nimbus-SDK
    - FreestarAds
    - FreestarAds-AdColony
    - FreestarAds-AppLovin
    - FreestarAds-Criteo
    - FreestarAds-GAM
    - FreestarAds-Google
    - FreestarAds-Googleadmob
    - FreestarAds-Mopub
    - FreestarAds-Nimbus
    - FreestarAds-Tapjoy
    - FreestarAds-Unity
    - FreestarAds-Vungle
    - Google-Mobile-Ads-SDK
    - GoogleAds-IMA-iOS-SDK
    - GoogleAppMeasurement
    - GoogleUserMessagingPlatform
    - GoogleUtilities
    - mopub-ios-sdk
    - nanopb
    - PromisesObjC
    - TapjoySDK
    - UnityAds
    - VungleSDK-iOS

SPEC CHECKSUMS:
  AdColony: a79d5e46d893a94f35edadfde3d08f5d8ae55bf9
  AppLovinSDK: 575c3c64158878fdd445ea3d48f4fd2233633336
  CriteoPublisherSdk: 8b7a5a68f4b4fb754311018062f03b5cd6ba4ff1
  FBAudienceNetwork: 58b4d0f2359783e5bc9ee59f138b4fda43173ac4
  FBSDKCoreKit: dace5abafc2fd9272733e6d027bcf18102712117
  Freestar-Nimbus-SDK: 86d954da312ebfbf5d518e339df322375ceb3210
  FreestarAds: dbefd751bcbfd287d6cbbfd1d3b3cecc77ee0772
  FreestarAds-AdColony: 00274697a0b9604e97faf51ebfd6dd4b33ecf906
  FreestarAds-AppLovin: fcffdd2611ee45a69808fc3974f9f2da3fd706a6
  FreestarAds-Criteo: b3fa53952e2e09cc543140236d7e02e97c8f6519
  FreestarAds-GAM: 1ed5a831e691a14309fe5a35b7308b4d34f3113b
  FreestarAds-Google: 80a042065305ac7ac479b75a27eb1afb6ab584e7
  FreestarAds-Googleadmob: 81d19154a98eaeaf5dc37ece0d98747b718714e3
  FreestarAds-Mopub: 2f8067d051afe6e3a71e0db0eaee78c9606b8c8c
  FreestarAds-Nimbus: 387ed239c28b587628406d3201eaf10cbc298776
  FreestarAds-Tapjoy: f893251a8e7f21adf773b8870cc5a4116dbf6ce4
  FreestarAds-Unity: f85746942febe5296d93a9222aa0c679a43bd5a3
  FreestarAds-Vungle: 31147f6d9831aeb89c65d239bfcdb9f5a66f0daf
  Google-Mobile-Ads-SDK: 2f288748a42920d1c744946a460896a95b0e9110
  GoogleAds-IMA-iOS-SDK: cc10f58c94fe19664f223e290099624f4696001f
  GoogleAppMeasurement: fd19169c3034975cb934e865e5667bfdce59df7f
  GoogleUserMessagingPlatform: b168e8c46cd8f92aa3e34b584c4ca78a411ce367
  GoogleUtilities: 284cddc7fffc14ae1907efb6f78ab95c1fccaedc
  mopub-ios-sdk: ce5aa12abe59d42cb8866b1297bdff7b6a42e273
  nanopb: a0ba3315591a9ae0a16a309ee504766e90db0c96
  PromisesObjC: 3113f7f76903778cf4a0586bd1ab89329a0b7b97
  TapjoySDK: eee3e1c96945a75028cc7572993a645a5f10adbe
  UnityAds: cc929eb40aefa1e8dca8f0d271e6f4c13c8ed9e4
  VungleSDK-iOS: 09abfadbcc04e0748ce33c6bd02282e9961125ba

PODFILE CHECKSUM: 9fc9fab49a26707bf0f1d7ef13e21801ab0c1f32

COCOAPODS: 1.10.2
