{
  "pins" : [
    {
      "identity" : "fmdb",
      "kind" : "remoteSourceControl",
      "location" : "https://github.com/maddapper/fmdb.git",
      "state" : {
        "revision" : "63c280a0af32136fffc0189e38badae3c1b0f5d8",
        "version" : "2.7.6"
      }
    },
    {
      "identity" : "googleappmeasurement",
      "kind" : "remoteSourceControl",
      "location" : "https://github.com/google/GoogleAppMeasurement.git",
      "state" : {
        "revision" : "56f681586ff006a7982b53dc94082eea31971acf",
        "version" : "10.16.0"
      }
    },
    {
      "identity" : "googleutilities",
      "kind" : "remoteSourceControl",
      "location" : "https://github.com/google/GoogleUtilities.git",
      "state" : {
        "revision" : "c38ce365d77b04a9a300c31061c5227589e5597b",
        "version" : "7.11.5"
      }
    },
    {
      "identity" : "loremipsum-swift",
      "kind" : "remoteSourceControl",
      "location" : "https://github.com/owlcoding/LoremIpsum-Swift/",
      "state" : {
        "revision" : "47be1bbd0e2744a4f7d444907b137068a0b21388",
        "version" : "0.6.0"
      }
    },
    {
      "identity" : "nanopb",
      "kind" : "remoteSourceControl",
      "location" : "https://github.com/firebase/nanopb.git",
      "state" : {
        "revision" : "819d0a2173aff699fb8c364b6fb906f7cdb1a692",
        "version" : "2.30909.0"
      }
    },
    {
      "identity" : "promises",
      "kind" : "remoteSourceControl",
      "location" : "https://github.com/google/promises.git",
      "state" : {
        "revision" : "e70e889c0196c76d22759eb50d6a0270ca9f1d9e",
        "version" : "2.3.1"
      }
    },
    {
      "identity" : "snapkit",
      "kind" : "remoteSourceControl",
      "location" : "https://github.com/SnapKit/SnapKit.git",
      "state" : {
        "revision" : "f222cbdf325885926566172f6f5f06af95473158",
        "version" : "5.6.0"
      }
    },
    {
      "identity" : "spm-freestarads-admob",
      "kind" : "remoteSourceControl",
      "location" : "https://gitlab.com/freestar/spm-freestarads-admob.git",
      "state" : {
        "revision" : "bb1a35cdeafed158518e3a74e8a050eef3922208",
        "version" : "10.9.2"
      }
    },
    {
      "identity" : "spm-freestarads-core",
      "kind" : "remoteSourceControl",
      "location" : "https://gitlab.com/freestar/spm-freestarads-core.git",
      "state" : {
        "revision" : "fafdbd90f40218a25d39084cb25766e39c47aac2",
        "version" : "5.31.0"
      }
    },
    {
      "identity" : "spm-freestarads-fyber",
      "kind" : "remoteSourceControl",
      "location" : "https://gitlab.com/freestar/spm-freestarads-fyber.git",
      "state" : {
        "revision" : "a8e820d0c7220eb5a51273d1b42294d24d0595bf",
        "version" : "8.2.5"
      }
    },
    {
      "identity" : "spm-freestarads-gam",
      "kind" : "remoteSourceControl",
      "location" : "https://gitlab.com/freestar/spm-freestarads-gam.git",
      "state" : {
        "revision" : "380c4591627b9cb5de5d7efa501445da4daa8938",
        "version" : "10.9.2"
      }
    },
    {
      "identity" : "spm-freestarads-gma-dependencies",
      "kind" : "remoteSourceControl",
      "location" : "https://gitlab.com/freestar/spm-freestarads-gma-dependencies.git",
      "state" : {
        "revision" : "7c4e3d094c15791b5caf8d5253ae1390ae423129",
        "version" : "10.9.0"
      }
    },
    {
      "identity" : "spm-freestarads-nimbus",
      "kind" : "remoteSourceControl",
      "location" : "https://gitlab.com/freestar/spm-freestarads-nimbus.git",
      "state" : {
        "revision" : "43266d07933d45b211024022ce4654c97c03f787",
        "version" : "2.15.2"
      }
    },
    {
      "identity" : "spm-freestarads-prebid",
      "kind" : "remoteSourceControl",
      "location" : "https://gitlab.com/freestar/spm-freestarads-prebid.git",
      "state" : {
        "revision" : "cbc54f37f1e254671d8eb8b2278d793f23fd4864",
        "version" : "2.1.7"
      }
    },
    {
      "identity" : "spm-freestarads-smaato",
      "kind" : "remoteSourceControl",
      "location" : "https://gitlab.com/freestar/spm-freestarads-smaato.git",
      "state" : {
        "revision" : "3f2561dfa326af552e52b00ae41a0394b3b495f3",
        "version" : "22.1.4"
      }
    },
    {
      "identity" : "spm-freestarads-tam",
      "kind" : "remoteSourceControl",
      "location" : "https://gitlab.com/freestar/spm-freestarads-tam.git",
      "state" : {
        "revision" : "78424058d72a3a2e7933a9e453131878cda06904",
        "version" : "4.7.5"
      }
    },
    {
      "identity" : "spm-freestarads-unity",
      "kind" : "remoteSourceControl",
      "location" : "https://gitlab.com/freestar/spm-freestarads-unity.git",
      "state" : {
        "revision" : "d03e3596555bae980a304698f44c362743de1a2f",
        "version" : "4.8.0"
      }
    },
    {
      "identity" : "spm-freestarads-vungle",
      "kind" : "remoteSourceControl",
      "location" : "https://gitlab.com/freestar/spm-freestarads-vungle.git",
      "state" : {
        "revision" : "5ec99c78cfe89cb6a57d0d4898178442cd9496cd",
        "version" : "7.0.3"
      }
    },
    {
      "identity" : "spm-promises",
      "kind" : "remoteSourceControl",
      "location" : "https://github.com/maddapper/spm-promises.git",
      "state" : {
        "revision" : "ab30cfb6fd86ef9f611226ef12d01dfd5f39a1ec",
        "version" : "2.2.2"
      }
    },
    {
      "identity" : "swift-package-manager-google-mobile-ads",
      "kind" : "remoteSourceControl",
      "location" : "https://github.com/googleads/swift-package-manager-google-mobile-ads.git",
      "state" : {
        "revision" : "1a6faf6b9b82ddf8780f678745381b8628711077",
        "version" : "10.9.0"
      }
    },
    {
      "identity" : "swift-package-manager-google-user-messaging-platform",
      "kind" : "remoteSourceControl",
      "location" : "https://github.com/googleads/swift-package-manager-google-user-messaging-platform.git",
      "state" : {
        "revision" : "129fa838520cd02174f890ae0cfe0242e60714ae",
        "version" : "2.1.0"
      }
    }
  ],
  "version" : 2
}
