{
  "pins" : [
    {
      "identity" : "fmdb",
      "kind" : "remoteSourceControl",
      "location" : "https://github.com/maddapper/fmdb.git",
      "state" : {
        "revision" : "63c280a0af32136fffc0189e38badae3c1b0f5d8",
        "version" : "2.7.6"
      }
    },
    {
      "identity" : "googleappmeasurement",
      "kind" : "remoteSourceControl",
      "location" : "https://github.com/google/GoogleAppMeasurement.git",
      "state" : {
        "revision" : "62e3a0c09a75e2637f5300d46f05a59313f1c286",
        "version" : "10.11.0"
      }
    },
    {
      "identity" : "googleutilities",
      "kind" : "remoteSourceControl",
      "location" : "https://github.com/google/GoogleUtilities.git",
      "state" : {
        "revision" : "871d43135925cde39ef7421d8723ce47edfdcc39",
        "version" : "7.11.1"
      }
    },
    {
      "identity" : "nanopb",
      "kind" : "remoteSourceControl",
      "location" : "https://github.com/firebase/nanopb.git",
      "state" : {
        "revision" : "819d0a2173aff699fb8c364b6fb906f7cdb1a692",
        "version" : "2.30909.0"
      }
    },
    {
      "identity" : "promises",
      "kind" : "remoteSourceControl",
      "location" : "https://github.com/google/promises.git",
      "state" : {
        "revision" : "ec957ccddbcc710ccc64c9dcbd4c7006fcf8b73a",
        "version" : "2.2.0"
      }
    },
    {
      "identity" : "spm-freestarads-admob",
      "kind" : "remoteSourceControl",
      "location" : "https://gitlab.com/freestar/spm-freestarads-admob.git",
      "state" : {
        "revision" : "f9f304abb8e0f1e008c6d88c3bd6eb1eabd1fa24",
        "version" : "10.0.1"
      }
    },
    {
      "identity" : "spm-freestarads-core",
      "kind" : "remoteSourceControl",
      "location" : "https://gitlab.com/freestar/spm-freestarads-core.git",
      "state" : {
        "revision" : "1a90045e2f5a02bd7a61935009b93bfa4d22c327",
        "version" : "5.26.0"
      }
    },
    {
      "identity" : "spm-freestarads-fyber",
      "kind" : "remoteSourceControl",
      "location" : "https://gitlab.com/freestar/spm-freestarads-fyber.git",
      "state" : {
        "revision" : "1e6ba24ec22c9b24ca0beb3d0dbc06a9cef30fe9",
        "version" : "8.1.6"
      }
    },
    {
      "identity" : "spm-freestarads-gam",
      "kind" : "remoteSourceControl",
      "location" : "https://gitlab.com/freestar/spm-freestarads-gam.git",
      "state" : {
        "revision" : "493af0017b4cba3ac67d7fdad4912ee002367efa",
        "version" : "10.0.1"
      }
    },
    {
      "identity" : "spm-freestarads-gma-dependencies",
      "kind" : "remoteSourceControl",
      "location" : "https://gitlab.com/freestar/spm-freestarads-gma-dependencies.git",
      "state" : {
        "revision" : "4af7663e4c4e1a9a9ba3a45233a83ac60bdf8259",
        "version" : "10.0.0"
      }
    },
    {
      "identity" : "spm-freestarads-nimbus",
      "kind" : "remoteSourceControl",
      "location" : "https://gitlab.com/freestar/spm-freestarads-nimbus.git",
      "state" : {
        "revision" : "1cd380830460f06e3f8104d416b5fc25f1bb0dfe",
        "version" : "2.1.4"
      }
    },
    {
      "identity" : "spm-freestarads-prebid",
      "kind" : "remoteSourceControl",
      "location" : "https://gitlab.com/freestar/spm-freestarads-prebid.git",
      "state" : {
        "revision" : "c3c598b4a9612115867541f11e0c0a9975e8cd4c",
        "version" : "2.1.4"
      }
    },
    {
      "identity" : "spm-freestarads-tam",
      "kind" : "remoteSourceControl",
      "location" : "https://gitlab.com/freestar/spm-freestarads-tam.git",
      "state" : {
        "revision" : "6c93c6e8085b18de4d9bbd44588cc667bff892b4",
        "version" : "4.6.1"
      }
    },
    {
      "identity" : "spm-freestarads-unity",
      "kind" : "remoteSourceControl",
      "location" : "https://gitlab.com/freestar/spm-freestarads-unity.git",
      "state" : {
        "revision" : "84215b2b9abf009d1b9d5336c2252137450f05c4",
        "version" : "4.1.0"
      }
    },
    {
      "identity" : "spm-freestarads-vungle",
      "kind" : "remoteSourceControl",
      "location" : "https://gitlab.com/freestar/spm-freestarads-vungle.git",
      "state" : {
        "revision" : "607adefbac969aeedc246eedd12c8808dd76dff0",
        "version" : "6.10.7"
      }
    },
    {
      "identity" : "spm-promises",
      "kind" : "remoteSourceControl",
      "location" : "https://github.com/maddapper/spm-promises.git",
      "state" : {
        "revision" : "ab30cfb6fd86ef9f611226ef12d01dfd5f39a1ec",
        "version" : "2.2.2"
      }
    },
    {
      "identity" : "swift-package-manager-google-mobile-ads",
      "kind" : "remoteSourceControl",
      "location" : "https://github.com/googleads/swift-package-manager-google-mobile-ads.git",
      "state" : {
        "revision" : "e165216151b484e7135412f57d2b9328cc72481b",
        "version" : "10.0.0"
      }
    },
    {
      "identity" : "swift-package-manager-google-user-messaging-platform",
      "kind" : "remoteSourceControl",
      "location" : "https://github.com/googleads/swift-package-manager-google-user-messaging-platform.git",
      "state" : {
        "revision" : "3b924ce3313a5fd2fc6a8dc889a8c38f76890fe3",
        "version" : "2.0.0"
      }
    }
  ],
  "version" : 2
}
