PODS:
  - AdColony (4.7.2)
  - Ads-Global (3.7.0.8):
    - Ads-Global/BUAdSDK (= 3.7.0.8)
  - Ads-Global/BUAdSDK (3.7.0.8):
    - Ads-Global/BUFoundation
    - Ads-Global/International
  - Ads-Global/BUFoundation (3.7.0.8)
  - Ads-Global/International (3.7.0.8)
  - AmazonPublisherServicesSDK (4.0.0)
  - AppLovinSDK (10.1.1)
  - CriteoPublisherSdk (4.3.1):
    - CriteoPublisherSdk/Sdk (= 4.3.1)
  - CriteoPublisherSdk/Sdk (4.3.1)
  - FBAudienceNetwork (6.6.0):
    - FBSDKCoreKit_Basics
  - FBSDKCoreKit_Basics (12.1.0)
  - FMDB (2.7.5):
    - FMDB/standard (= 2.7.5)
  - FMDB/standard (2.7.5)
  - FreestarAds-AdColony-PreRelease (5.2.0-alpha-1):
    - AdColony (= 4.7.2)
    - FreestarAds-PreRelease (~> 5.0-alpha)
  - FreestarAds-AppLovin-PreRelease (5.2.0-alpha-1):
    - AppLovinSDK (= 10.1.1)
    - FreestarAds-PreRelease (~> 5.0-alpha)
  - FreestarAds-Criteo-PreRelease (3.1.0-alpha-1):
    - CriteoPublisherSdk (= 4.3.1)
    - FreestarAds-PreRelease (~> 5.0-alpha)
  - FreestarAds-GAM-PreRelease (5.2.0-alpha-2):
    - FreestarAds-PreRelease (~> 5.1-alpha)
    - Google-Mobile-Ads-SDK (= 8.12.0)
  - FreestarAds-Googleadmob-PreRelease (6.2.0-alpha-2):
    - FreestarAds-PreRelease (~> 5.1-alpha)
    - Google-Mobile-Ads-SDK (= 8.12.0)
  - FreestarAds-Hyprmx-PreRelease (1.1.0-alpha-1):
    - FreestarAds-PreRelease (~> 5.2-alpha)
    - HyprMX (= 6.0.0)
  - FreestarAds-Mopub-PreRelease (5.2.0-alpha-1):
    - FreestarAds-PreRelease (~> 5.2-alpha)
    - MoPub-FacebookAudienceNetwork-Adapters (= 6.6.0.0)
    - mopub-ios-sdk (= 5.18.2)
  - FreestarAds-Nimbus-PreRelease (3.3.0-alpha-1):
    - FBAudienceNetwork (= 6.6.0)
    - FreestarAds-PreRelease (~> 5.3-alpha)
    - NimbusSDK (= 1.10.5)
    - NimbusSDK/NimbusRenderStaticKit (= 1.10.5)
    - NimbusSDK/NimbusRenderVideoKit (= 1.10.5)
  - FreestarAds-Pangle-PreRelease (1.2.0-alpha-1):
    - Ads-Global (= 3.7.0.8)
    - FreestarAds-PreRelease (~> 5.0-alpha)
  - FreestarAds-PreRelease (5.4.0-alpha-1)
  - FreestarAds-TAM-PreRelease (2.3.0-alpha-1):
    - AmazonPublisherServicesSDK (= 4.0.0)
    - FMDB (= 2.7.5)
    - FreestarAds-PreRelease (~> 5.3-alpha)
  - FreestarAds-Tapjoy-PreRelease (5.1.0-alpha-1):
    - FreestarAds-PreRelease (~> 5.0-alpha)
    - TapjoySDK (= 12.8.0)
  - FreestarAds-Unity-PreRelease (6.1.0-alpha-1):
    - FreestarAds-PreRelease (~> 5.0-alpha)
    - UnityAds (= 3.7.0)
  - FreestarAds-Vungle-PreRelease (5.3.0-alpha-1):
    - FreestarAds-PreRelease (~> 5.1-alpha)
    - VungleSDK-iOS (= 6.10.3)
  - Google-Mobile-Ads-SDK (8.12.0):
    - GoogleAppMeasurement (< 9.0, >= 7.0)
    - GoogleUserMessagingPlatform (>= 1.1)
  - GoogleAds-IMA-iOS-SDK (3.13.0)
  - GoogleAppMeasurement (8.9.1):
    - GoogleAppMeasurement/AdIdSupport (= 8.9.1)
    - GoogleUtilities/AppDelegateSwizzler (~> 7.6)
    - GoogleUtilities/MethodSwizzler (~> 7.6)
    - GoogleUtilities/Network (~> 7.6)
    - "GoogleUtilities/NSData+zlib (~> 7.6)"
    - nanopb (~> 2.30908.0)
  - GoogleAppMeasurement/AdIdSupport (8.9.1):
    - GoogleAppMeasurement/WithoutAdIdSupport (= 8.9.1)
    - GoogleUtilities/AppDelegateSwizzler (~> 7.6)
    - GoogleUtilities/MethodSwizzler (~> 7.6)
    - GoogleUtilities/Network (~> 7.6)
    - "GoogleUtilities/NSData+zlib (~> 7.6)"
    - nanopb (~> 2.30908.0)
  - GoogleAppMeasurement/WithoutAdIdSupport (8.9.1):
    - GoogleUtilities/AppDelegateSwizzler (~> 7.6)
    - GoogleUtilities/MethodSwizzler (~> 7.6)
    - GoogleUtilities/Network (~> 7.6)
    - "GoogleUtilities/NSData+zlib (~> 7.6)"
    - nanopb (~> 2.30908.0)
  - GoogleUserMessagingPlatform (2.0.0)
  - GoogleUtilities/AppDelegateSwizzler (7.6.0):
    - GoogleUtilities/Environment
    - GoogleUtilities/Logger
    - GoogleUtilities/Network
  - GoogleUtilities/Environment (7.6.0):
    - PromisesObjC (< 3.0, >= 1.2)
  - GoogleUtilities/Logger (7.6.0):
    - GoogleUtilities/Environment
  - GoogleUtilities/MethodSwizzler (7.6.0):
    - GoogleUtilities/Logger
  - GoogleUtilities/Network (7.6.0):
    - GoogleUtilities/Logger
    - "GoogleUtilities/NSData+zlib"
    - GoogleUtilities/Reachability
  - "GoogleUtilities/NSData+zlib (7.6.0)"
  - GoogleUtilities/Reachability (7.6.0):
    - GoogleUtilities/Logger
  - HyprMX (6.0.0):
    - HyprMX/HyprMX-SDK (= 6.0.0)
  - HyprMX-Mraid (6.0.1)
  - HyprMX/Core (6.0.0)
  - HyprMX/HyprMX-SDK (6.0.0):
    - HyprMX/Core
    - HyprMX/MRAID
  - HyprMX/MRAID (6.0.0):
    - HyprMX-Mraid
    - HyprMX/Core
  - LoremIpsum (1.0.0)
  - MoPub-FacebookAudienceNetwork-Adapters (6.6.0.0):
    - MoPub-FacebookAudienceNetwork-Adapters/MoPub (= 6.6.0.0)
    - MoPub-FacebookAudienceNetwork-Adapters/Network (= 6.6.0.0)
  - MoPub-FacebookAudienceNetwork-Adapters/MoPub (6.6.0.0):
    - mopub-ios-sdk/Core (~> 5.17)
    - mopub-ios-sdk/NativeAds (~> 5.17)
  - MoPub-FacebookAudienceNetwork-Adapters/Network (6.6.0.0):
    - FBAudienceNetwork (= 6.6.0)
    - mopub-ios-sdk/Core (~> 5.17)
    - mopub-ios-sdk/NativeAds (~> 5.17)
  - mopub-ios-sdk (5.18.2):
    - mopub-ios-sdk/MoPubSDK (= 5.18.2)
  - mopub-ios-sdk/Core (5.18.2)
  - mopub-ios-sdk/MoPubSDK (5.18.2):
    - mopub-ios-sdk/Core
    - mopub-ios-sdk/NativeAds
  - mopub-ios-sdk/NativeAds (5.18.2):
    - mopub-ios-sdk/Core
  - nanopb (2.30908.0):
    - nanopb/decode (= 2.30908.0)
    - nanopb/encode (= 2.30908.0)
  - nanopb/decode (2.30908.0)
  - nanopb/encode (2.30908.0)
  - NimbusSDK (1.10.5):
    - NimbusSDK/NimbusKit (= 1.10.5)
  - NimbusSDK/NimbusCoreKit (1.10.5)
  - NimbusSDK/NimbusKit (1.10.5):
    - NimbusSDK/NimbusRenderKit
    - NimbusSDK/NimbusRequestKit
  - NimbusSDK/NimbusRenderKit (1.10.5):
    - NimbusSDK/NimbusCoreKit
  - NimbusSDK/NimbusRenderStaticKit (1.10.5):
    - NimbusSDK/NimbusRenderKit
  - NimbusSDK/NimbusRenderVideoKit (1.10.5):
    - GoogleAds-IMA-iOS-SDK (= 3.13.0)
    - NimbusSDK/NimbusRenderKit
  - NimbusSDK/NimbusRequestKit (1.10.5):
    - NimbusSDK/NimbusCoreKit
  - PromisesObjC (2.0.0)
  - SnapKit (5.0.1)
  - TapjoySDK (12.8.0)
  - UnityAds (3.7.0)
  - VungleSDK-iOS (6.10.3)

DEPENDENCIES:
  - FreestarAds-AdColony-PreRelease (~> 5.2.0-alpha-1)
  - FreestarAds-AppLovin-PreRelease (~> 5.2.0-alpha-1)
  - FreestarAds-Criteo-PreRelease (~> 3.1.0-alpha-1)
  - FreestarAds-GAM-PreRelease (~> 5.2.0-alpha-2)
  - FreestarAds-Googleadmob-PreRelease (~> 6.2.0-alpha-2)
  - FreestarAds-Hyprmx-PreRelease (~> 1.1.0-alpha-1)
  - FreestarAds-Mopub-PreRelease (~> 5.2.0-alpha-1)
  - FreestarAds-Nimbus-PreRelease (~> 3.3.0-alpha-1)
  - FreestarAds-Pangle-PreRelease (~> 1.2.0-alpha-1)
  - FreestarAds-PreRelease (= 5.4.0-alpha-1)
  - FreestarAds-TAM-PreRelease (~> 2.3.0-alpha-1)
  - FreestarAds-Tapjoy-PreRelease (~> 5.1.0-alpha-1)
  - FreestarAds-Unity-PreRelease (~> 6.1.0-alpha-1)
  - FreestarAds-Vungle-PreRelease (~> 5.3.0-alpha-1)
  - LoremIpsum (~> 1.0)
  - SnapKit (~> 5.0.0)

SPEC REPOS:
  https://github.com/CocoaPods/Specs.git:
    - AdColony
    - Ads-Global
    - AmazonPublisherServicesSDK
    - AppLovinSDK
    - CriteoPublisherSdk
    - FBAudienceNetwork
    - FBSDKCoreKit_Basics
    - FMDB
    - FreestarAds-AdColony-PreRelease
    - FreestarAds-AppLovin-PreRelease
    - FreestarAds-Criteo-PreRelease
    - FreestarAds-GAM-PreRelease
    - FreestarAds-Googleadmob-PreRelease
    - FreestarAds-Hyprmx-PreRelease
    - FreestarAds-Mopub-PreRelease
    - FreestarAds-Nimbus-PreRelease
    - FreestarAds-Pangle-PreRelease
    - FreestarAds-PreRelease
    - FreestarAds-TAM-PreRelease
    - FreestarAds-Tapjoy-PreRelease
    - FreestarAds-Unity-PreRelease
    - FreestarAds-Vungle-PreRelease
    - Google-Mobile-Ads-SDK
    - GoogleAds-IMA-iOS-SDK
    - GoogleAppMeasurement
    - GoogleUserMessagingPlatform
    - GoogleUtilities
    - HyprMX
    - HyprMX-Mraid
    - LoremIpsum
    - MoPub-FacebookAudienceNetwork-Adapters
    - mopub-ios-sdk
    - nanopb
    - NimbusSDK
    - PromisesObjC
    - SnapKit
    - TapjoySDK
    - UnityAds
    - VungleSDK-iOS

SPEC CHECKSUMS:
  AdColony: 970af2bff1e500c8a681bfcbd85f8054c0f57071
  Ads-Global: 5b17febce6ca76ee1ffac2c3f18b9c0a0f58128b
  AmazonPublisherServicesSDK: f73e281872525d1b929dca506c3a0332d4f902fa
  AppLovinSDK: 575c3c64158878fdd445ea3d48f4fd2233633336
  CriteoPublisherSdk: 8b7a5a68f4b4fb754311018062f03b5cd6ba4ff1
  FBAudienceNetwork: 9226b1e415de489e80bb5f83b3b8b61cbf75efde
  FBSDKCoreKit_Basics: 39865aff97e5f6951a78fb3e89dc4460e35e1895
  FMDB: 2ce00b547f966261cd18927a3ddb07cb6f3db82a
  FreestarAds-AdColony-PreRelease: 77ff7f99b35d5d0186c8ce846108ac4a9bc52b88
  FreestarAds-AppLovin-PreRelease: bbfa933b4229fb1dd474f52c5b49127ee76ae83e
  FreestarAds-Criteo-PreRelease: 5ba4e52f6402d024af8d64b6bd3562b87827eba7
  FreestarAds-GAM-PreRelease: f1d6909d4abfc8404c13ee64eb061f9764d01b57
  FreestarAds-Googleadmob-PreRelease: 9f24e76b46e566967522e20874fbe98926c157fe
  FreestarAds-Hyprmx-PreRelease: 4bf06025aed1171a244ff3b716851bb2651134fd
  FreestarAds-Mopub-PreRelease: 7ba831c0d82811467f1b8ac54064f718818afb56
  FreestarAds-Nimbus-PreRelease: dd360d6b2d7ccf17cc579a0fb81f86870e19beb1
  FreestarAds-Pangle-PreRelease: e0934742e08e3496f2b91edd76d981ee4c23943c
  FreestarAds-PreRelease: cecc3dd70047e01c79dc894b91adaa2bd4941816
  FreestarAds-TAM-PreRelease: c9f92f6b831e0be9fd63bdc7a16ea9d63fc263b2
  FreestarAds-Tapjoy-PreRelease: 01b315662424f23864187e85b498a73e55a637c9
  FreestarAds-Unity-PreRelease: c2f35aaf4850696e4756cf3bc2212964e4207e16
  FreestarAds-Vungle-PreRelease: 79dc7aa00b76ac0d81b9cc03deb4ba2212378706
  Google-Mobile-Ads-SDK: fb31b6ef68ef352b551ee29585cd9ceb07230cd0
  GoogleAds-IMA-iOS-SDK: b8d3693d370edcbd1440c827897c2b2a0b76673d
  GoogleAppMeasurement: 837649ad3987936c232f6717c5680216f6243d24
  GoogleUserMessagingPlatform: ab890ce5f6620f293a21b6bdd82e416a2c73aeca
  GoogleUtilities: 684ee790a24f73ebb2d1d966e9711c203f2a4237
  HyprMX: 0b88a6b8f773041d75c94c64d3e85b45b2d0cf06
  HyprMX-Mraid: ca10b241c7fa31983ce219d9a81b47ef6166e355
  LoremIpsum: 9029c55d36501b2ee0b05cc9ecda11d3a0479160
  MoPub-FacebookAudienceNetwork-Adapters: e1ed61568b72acaafd5a5daac4d5a077b343ca54
  mopub-ios-sdk: 39dd404dc791e543979b91aa8e3b27197af91377
  nanopb: a0ba3315591a9ae0a16a309ee504766e90db0c96
  NimbusSDK: 4e841bd0e128fbcaf69d506695c5a1269808a918
  PromisesObjC: 68159ce6952d93e17b2dfe273b8c40907db5ba58
  SnapKit: 97b92857e3df3a0c71833cce143274bf6ef8e5eb
  TapjoySDK: eee3e1c96945a75028cc7572993a645a5f10adbe
  UnityAds: cc929eb40aefa1e8dca8f0d271e6f4c13c8ed9e4
  VungleSDK-iOS: b370edd2e5787ecb25fc9332941deb1e1ca8176e

PODFILE CHECKSUM: 78ee697e87e80e52c82999aa48ab855ad34705d9

COCOAPODS: 1.11.2
