PODS:
  - FairBidSDK (3.30.0)
  - FreestarAds-Fyber-PreRelease (3.30.0.1-beta-4):
    - FairBidSDK (= 3.30.0)
    - FreestarAds-PreRelease (~> 5.15-beta)
    - Fyber_Marketplace_SDK
  - FreestarAds-PreRelease (5.15.0-beta-4)
  - Fyber_Marketplace_SDK (8.1.6):
    - Fyber_Marketplace_SDK/IASDKCore (= 8.1.6)
  - Fyber_Marketplace_SDK/IASDKCore (8.1.6)
  - LoremIpsum (1.0.0)
  - SnapKit (5.0.1)

DEPENDENCIES:
  - FreestarAds-Fyber-PreRelease (~> 3.30.0.1-beta-4)
  - FreestarAds-PreRelease (~> 5.15.0-beta-4)
  - LoremIpsum (~> 1.0)
  - SnapKit (~> 5.0.0)

SPEC REPOS:
  https://github.com/CocoaPods/Specs.git:
    - FairBidSDK
    - FreestarAds-Fyber-PreRelease
    - FreestarAds-PreRelease
    - Fyber_Marketplace_SDK
  trunk:
    - LoremIpsum
    - SnapKit

SPEC CHECKSUMS:
  FairBidSDK: 624ebb8b720ac4d9e7fa7e6647aaf7b0cbd24674
  FreestarAds-Fyber-PreRelease: dc535e83ba10aa74aa40fecdf8392eb31719ded0
  FreestarAds-PreRelease: cee51a3674f219d4a5989001601a3e202b71d754
  Fyber_Marketplace_SDK: 0325c667dce841f2fabc3644c1a467978c3eed02
  LoremIpsum: 9029c55d36501b2ee0b05cc9ecda11d3a0479160
  SnapKit: 97b92857e3df3a0c71833cce143274bf6ef8e5eb

PODFILE CHECKSUM: 30d18989abd0a1e646c0d2725e59153751d0e289

COCOAPODS: 1.11.3
