
Microsoft Visual Studio Solution File, Format Version 12.00
# Visual Studio 15
Project("{FAE04EC0-301F-11D3-BF4B-00C04F79EFBC}") = "FreestarXamarinSample", "FreestarXamarinSample\FreestarXamarinSample.csproj", "{103B37A3-C0D9-4239-A0AB-725EF965A641}"
EndProject
Global
	GlobalSection(SolutionConfigurationPlatforms) = preSolution
		Debug|iPhoneSimulator = Debug|iPhoneSimulator
		Release|iPhoneSimulator = Release|iPhoneSimulator
		Debug|iPhone = Debug|iPhone
		Release|iPhone = Release|iPhone
	EndGlobalSection
	GlobalSection(ProjectConfigurationPlatforms) = postSolution
		{103B37A3-C0D9-4239-A0AB-725EF965A641}.Debug|iPhoneSimulator.ActiveCfg = Debug|iPhoneSimulator
		{103B37A3-C0D9-4239-A0AB-725EF965A641}.Debug|iPhoneSimulator.Build.0 = Debug|iPhoneSimulator
		{103B37A3-C0D9-4239-A0AB-725EF965A641}.Release|iPhoneSimulator.ActiveCfg = Release|iPhoneSimulator
		{103B37A3-C0D9-4239-A0AB-725EF965A641}.Release|iPhoneSimulator.Build.0 = Release|iPhoneSimulator
		{103B37A3-C0D9-4239-A0AB-725EF965A641}.Debug|iPhone.ActiveCfg = Debug|iPhone
		{103B37A3-C0D9-4239-A0AB-725EF965A641}.Debug|iPhone.Build.0 = Debug|iPhone
		{103B37A3-C0D9-4239-A0AB-725EF965A641}.Release|iPhone.ActiveCfg = Release|iPhone
		{103B37A3-C0D9-4239-A0AB-725EF965A641}.Release|iPhone.Build.0 = Release|iPhone
	EndGlobalSection
EndGlobal
