// !$*UTF8*$!
{
	archiveVersion = 1;
	classes = {
	};
	objectVersion = 50;
	objects = {

/* Begin PBXBuildFile section */
		96C859F2241C53E1009BD9FB /* AppDelegate.m in Sources */ = {isa = PBXBuildFile; fileRef = 96C859F1241C53E1009BD9FB /* AppDelegate.m */; };
		96C859F8241C53E1009BD9FB /* ViewController.m in Sources */ = {isa = PBXBuildFile; fileRef = 96C859F7241C53E1009BD9FB /* ViewController.m */; };
		96C859FB241C53E1009BD9FB /* Main.storyboard in Resources */ = {isa = PBXBuildFile; fileRef = 96C859F9241C53E1009BD9FB /* Main.storyboard */; };
		96C859FD241C53E4009BD9FB /* Assets.xcassets in Resources */ = {isa = PBXBuildFile; fileRef = 96C859FC241C53E4009BD9FB /* Assets.xcassets */; };
		96C85A00241C53E4009BD9FB /* LaunchScreen.storyboard in Resources */ = {isa = PBXBuildFile; fileRef = 96C859FE241C53E4009BD9FB /* LaunchScreen.storyboard */; };
		96C85A03241C53E4009BD9FB /* main.m in Sources */ = {isa = PBXBuildFile; fileRef = 96C85A02241C53E4009BD9FB /* main.m */; };
/* End PBXBuildFile section */

/* Begin PBXFileReference section */
		96C859ED241C53E1009BD9FB /* FreestarOBJCSample.app */ = {isa = PBXFileReference; explicitFileType = wrapper.application; includeInIndex = 0; path = FreestarOBJCSample.app; sourceTree = BUILT_PRODUCTS_DIR; };
		96C859F0241C53E1009BD9FB /* AppDelegate.h */ = {isa = PBXFileReference; lastKnownFileType = sourcecode.c.h; path = AppDelegate.h; sourceTree = "<group>"; };
		96C859F1241C53E1009BD9FB /* AppDelegate.m */ = {isa = PBXFileReference; lastKnownFileType = sourcecode.c.objc; path = AppDelegate.m; sourceTree = "<group>"; };
		96C859F6241C53E1009BD9FB /* ViewController.h */ = {isa = PBXFileReference; lastKnownFileType = sourcecode.c.h; path = ViewController.h; sourceTree = "<group>"; };
		96C859F7241C53E1009BD9FB /* ViewController.m */ = {isa = PBXFileReference; lastKnownFileType = sourcecode.c.objc; path = ViewController.m; sourceTree = "<group>"; };
		96C859FA241C53E1009BD9FB /* Base */ = {isa = PBXFileReference; lastKnownFileType = file.storyboard; name = Base; path = Base.lproj/Main.storyboard; sourceTree = "<group>"; };
		96C859FC241C53E4009BD9FB /* Assets.xcassets */ = {isa = PBXFileReference; lastKnownFileType = folder.assetcatalog; path = Assets.xcassets; sourceTree = "<group>"; };
		96C859FF241C53E4009BD9FB /* Base */ = {isa = PBXFileReference; lastKnownFileType = file.storyboard; name = Base; path = Base.lproj/LaunchScreen.storyboard; sourceTree = "<group>"; };
		96C85A01241C53E4009BD9FB /* Info.plist */ = {isa = PBXFileReference; lastKnownFileType = text.plist.xml; path = Info.plist; sourceTree = "<group>"; };
		96C85A02241C53E4009BD9FB /* main.m */ = {isa = PBXFileReference; lastKnownFileType = sourcecode.c.objc; path = main.m; sourceTree = "<group>"; };
/* End PBXFileReference section */

/* Begin PBXFrameworksBuildPhase section */
		96C859EA241C53E1009BD9FB /* Frameworks */ = {
			isa = PBXFrameworksBuildPhase;
			buildActionMask = 2147483647;
			files = (
			);
			runOnlyForDeploymentPostprocessing = 0;
		};
/* End PBXFrameworksBuildPhase section */

/* Begin PBXGroup section */
		96C859E4241C53E1009BD9FB = {
			isa = PBXGroup;
			children = (
				96C859EF241C53E1009BD9FB /* FreestarOBJCSample */,
				96C859EE241C53E1009BD9FB /* Products */,
			);
			sourceTree = "<group>";
		};
		96C859EE241C53E1009BD9FB /* Products */ = {
			isa = PBXGroup;
			children = (
				96C859ED241C53E1009BD9FB /* FreestarOBJCSample.app */,
			);
			name = Products;
			sourceTree = "<group>";
		};
		96C859EF241C53E1009BD9FB /* FreestarOBJCSample */ = {
			isa = PBXGroup;
			children = (
				96C859F0241C53E1009BD9FB /* AppDelegate.h */,
				96C859F1241C53E1009BD9FB /* AppDelegate.m */,
				96C859F6241C53E1009BD9FB /* ViewController.h */,
				96C859F7241C53E1009BD9FB /* ViewController.m */,
				96C859F9241C53E1009BD9FB /* Main.storyboard */,
				96C859FC241C53E4009BD9FB /* Assets.xcassets */,
				96C859FE241C53E4009BD9FB /* LaunchScreen.storyboard */,
				96C85A01241C53E4009BD9FB /* Info.plist */,
				96C85A02241C53E4009BD9FB /* main.m */,
			);
			path = FreestarOBJCSample;
			sourceTree = "<group>";
		};
/* End PBXGroup section */

/* Begin PBXNativeTarget section */
		96C859EC241C53E1009BD9FB /* FreestarOBJCSample */ = {
			isa = PBXNativeTarget;
			buildConfigurationList = 96C85A06241C53E4009BD9FB /* Build configuration list for PBXNativeTarget "FreestarOBJCSample" */;
			buildPhases = (
				96C859E9241C53E1009BD9FB /* Sources */,
				96C859EA241C53E1009BD9FB /* Frameworks */,
				96C859EB241C53E1009BD9FB /* Resources */,
			);
			buildRules = (
			);
			dependencies = (
			);
			name = FreestarOBJCSample;
			productName = FreestarOBJCSample;
			productReference = 96C859ED241C53E1009BD9FB /* FreestarOBJCSample.app */;
			productType = "com.apple.product-type.application";
		};
/* End PBXNativeTarget section */

/* Begin PBXProject section */
		96C859E5241C53E1009BD9FB /* Project object */ = {
			isa = PBXProject;
			attributes = {
				LastUpgradeCheck = 1130;
				ORGANIZATIONNAME = Freestar;
				TargetAttributes = {
					96C859EC241C53E1009BD9FB = {
						CreatedOnToolsVersion = 11.3.1;
					};
				};
			};
			buildConfigurationList = 96C859E8241C53E1009BD9FB /* Build configuration list for PBXProject "FreestarOBJCSample" */;
			compatibilityVersion = "Xcode 9.3";
			developmentRegion = en;
			hasScannedForEncodings = 0;
			knownRegions = (
				en,
				Base,
			);
			mainGroup = 96C859E4241C53E1009BD9FB;
			productRefGroup = 96C859EE241C53E1009BD9FB /* Products */;
			projectDirPath = "";
			projectRoot = "";
			targets = (
				96C859EC241C53E1009BD9FB /* FreestarOBJCSample */,
			);
		};
/* End PBXProject section */

/* Begin PBXResourcesBuildPhase section */
		96C859EB241C53E1009BD9FB /* Resources */ = {
			isa = PBXResourcesBuildPhase;
			buildActionMask = 2147483647;
			files = (
				96C85A00241C53E4009BD9FB /* LaunchScreen.storyboard in Resources */,
				96C859FD241C53E4009BD9FB /* Assets.xcassets in Resources */,
				96C859FB241C53E1009BD9FB /* Main.storyboard in Resources */,
			);
			runOnlyForDeploymentPostprocessing = 0;
		};
/* End PBXResourcesBuildPhase section */

/* Begin PBXSourcesBuildPhase section */
		96C859E9241C53E1009BD9FB /* Sources */ = {
			isa = PBXSourcesBuildPhase;
			buildActionMask = 2147483647;
			files = (
				96C859F8241C53E1009BD9FB /* ViewController.m in Sources */,
				96C859F2241C53E1009BD9FB /* AppDelegate.m in Sources */,
				96C85A03241C53E4009BD9FB /* main.m in Sources */,
			);
			runOnlyForDeploymentPostprocessing = 0;
		};
/* End PBXSourcesBuildPhase section */

/* Begin PBXVariantGroup section */
		96C859F9241C53E1009BD9FB /* Main.storyboard */ = {
			isa = PBXVariantGroup;
			children = (
				96C859FA241C53E1009BD9FB /* Base */,
			);
			name = Main.storyboard;
			sourceTree = "<group>";
		};
		96C859FE241C53E4009BD9FB /* LaunchScreen.storyboard */ = {
			isa = PBXVariantGroup;
			children = (
				96C859FF241C53E4009BD9FB /* Base */,
			);
			name = LaunchScreen.storyboard;
			sourceTree = "<group>";
		};
/* End PBXVariantGroup section */

/* Begin XCBuildConfiguration section */
		96C85A04241C53E4009BD9FB /* Debug */ = {
			isa = XCBuildConfiguration;
			buildSettings = {
				ALWAYS_SEARCH_USER_PATHS = NO;
				CLANG_ANALYZER_NONNULL = YES;
				CLANG_ANALYZER_NUMBER_OBJECT_CONVERSION = YES_AGGRESSIVE;
				CLANG_CXX_LANGUAGE_STANDARD = "gnu++14";
				CLANG_CXX_LIBRARY = "libc++";
				CLANG_ENABLE_MODULES = YES;
				CLANG_ENABLE_OBJC_ARC = YES;
				CLANG_ENABLE_OBJC_WEAK = YES;
				CLANG_WARN_BLOCK_CAPTURE_AUTORELEASING = YES;
				CLANG_WARN_BOOL_CONVERSION = YES;
				CLANG_WARN_COMMA = YES;
				CLANG_WARN_CONSTANT_CONVERSION = YES;
				CLANG_WARN_DEPRECATED_OBJC_IMPLEMENTATIONS = YES;
				CLANG_WARN_DIRECT_OBJC_ISA_USAGE = YES_ERROR;
				CLANG_WARN_DOCUMENTATION_COMMENTS = YES;
				CLANG_WARN_EMPTY_BODY = YES;
				CLANG_WARN_ENUM_CONVERSION = YES;
				CLANG_WARN_INFINITE_RECURSION = YES;
				CLANG_WARN_INT_CONVERSION = YES;
				CLANG_WARN_NON_LITERAL_NULL_CONVERSION = YES;
				CLANG_WARN_OBJC_IMPLICIT_RETAIN_SELF = YES;
				CLANG_WARN_OBJC_LITERAL_CONVERSION = YES;
				CLANG_WARN_OBJC_ROOT_CLASS = YES_ERROR;
				CLANG_WARN_RANGE_LOOP_ANALYSIS = YES;
				CLANG_WARN_STRICT_PROTOTYPES = YES;
				CLANG_WARN_SUSPICIOUS_MOVE = YES;
				CLANG_WARN_UNGUARDED_AVAILABILITY = YES_AGGRESSIVE;
				CLANG_WARN_UNREACHABLE_CODE = YES;
				CLANG_WARN__DUPLICATE_METHOD_MATCH = YES;
				COPY_PHASE_STRIP = NO;
				DEBUG_INFORMATION_FORMAT = dwarf;
				ENABLE_STRICT_OBJC_MSGSEND = YES;
				ENABLE_TESTABILITY = YES;
				GCC_C_LANGUAGE_STANDARD = gnu11;
				GCC_DYNAMIC_NO_PIC = NO;
				GCC_NO_COMMON_BLOCKS = YES;
				GCC_OPTIMIZATION_LEVEL = 0;
				GCC_PREPROCESSOR_DEFINITIONS = (
					"DEBUG=1",
					"$(inherited)",
				);
				GCC_WARN_64_TO_32_BIT_CONVERSION = YES;
				GCC_WARN_ABOUT_RETURN_TYPE = YES_ERROR;
				GCC_WARN_UNDECLARED_SELECTOR = YES;
				GCC_WARN_UNINITIALIZED_AUTOS = YES_AGGRESSIVE;
				GCC_WARN_UNUSED_FUNCTION = YES;
				GCC_WARN_UNUSED_VARIABLE = YES;
				IPHONEOS_DEPLOYMENT_TARGET = 13.2;
				MTL_ENABLE_DEBUG_INFO = INCLUDE_SOURCE;
				MTL_FAST_MATH = YES;
				ONLY_ACTIVE_ARCH = YES;
				SDKROOT = iphoneos;
			};
			name = Debug;
		};
		96C85A05241C53E4009BD9FB /* Release */ = {
			isa = XCBuildConfiguration;
			buildSettings = {
				ALWAYS_SEARCH_USER_PATHS = NO;
				CLANG_ANALYZER_NONNULL = YES;
				CLANG_ANALYZER_NUMBER_OBJECT_CONVERSION = YES_AGGRESSIVE;
				CLANG_CXX_LANGUAGE_STANDARD = "gnu++14";
				CLANG_CXX_LIBRARY = "libc++";
				CLANG_ENABLE_MODULES = YES;
				CLANG_ENABLE_OBJC_ARC = YES;
				CLANG_ENABLE_OBJC_WEAK = YES;
				CLANG_WARN_BLOCK_CAPTURE_AUTORELEASING = YES;
				CLANG_WARN_BOOL_CONVERSION = YES;
				CLANG_WARN_COMMA = YES;
				CLANG_WARN_CONSTANT_CONVERSION = YES;
				CLANG_WARN_DEPRECATED_OBJC_IMPLEMENTATIONS = YES;
				CLANG_WARN_DIRECT_OBJC_ISA_USAGE = YES_ERROR;
				CLANG_WARN_DOCUMENTATION_COMMENTS = YES;
				CLANG_WARN_EMPTY_BODY = YES;
				CLANG_WARN_ENUM_CONVERSION = YES;
				CLANG_WARN_INFINITE_RECURSION = YES;
				CLANG_WARN_INT_CONVERSION = YES;
				CLANG_WARN_NON_LITERAL_NULL_CONVERSION = YES;
				CLANG_WARN_OBJC_IMPLICIT_RETAIN_SELF = YES;
				CLANG_WARN_OBJC_LITERAL_CONVERSION = YES;
				CLANG_WARN_OBJC_ROOT_CLASS = YES_ERROR;
				CLANG_WARN_RANGE_LOOP_ANALYSIS = YES;
				CLANG_WARN_STRICT_PROTOTYPES = YES;
				CLANG_WARN_SUSPICIOUS_MOVE = YES;
				CLANG_WARN_UNGUARDED_AVAILABILITY = YES_AGGRESSIVE;
				CLANG_WARN_UNREACHABLE_CODE = YES;
				CLANG_WARN__DUPLICATE_METHOD_MATCH = YES;
				COPY_PHASE_STRIP = NO;
				DEBUG_INFORMATION_FORMAT = "dwarf-with-dsym";
				ENABLE_NS_ASSERTIONS = NO;
				ENABLE_STRICT_OBJC_MSGSEND = YES;
				GCC_C_LANGUAGE_STANDARD = gnu11;
				GCC_NO_COMMON_BLOCKS = YES;
				GCC_WARN_64_TO_32_BIT_CONVERSION = YES;
				GCC_WARN_ABOUT_RETURN_TYPE = YES_ERROR;
				GCC_WARN_UNDECLARED_SELECTOR = YES;
				GCC_WARN_UNINITIALIZED_AUTOS = YES_AGGRESSIVE;
				GCC_WARN_UNUSED_FUNCTION = YES;
				GCC_WARN_UNUSED_VARIABLE = YES;
				IPHONEOS_DEPLOYMENT_TARGET = 13.2;
				MTL_ENABLE_DEBUG_INFO = NO;
				MTL_FAST_MATH = YES;
				SDKROOT = iphoneos;
				VALIDATE_PRODUCT = YES;
			};
			name = Release;
		};
		96C85A07241C53E4009BD9FB /* Debug */ = {
			isa = XCBuildConfiguration;
			buildSettings = {
				ASSETCATALOG_COMPILER_APPICON_NAME = AppIcon;
				CODE_SIGN_STYLE = Automatic;
				INFOPLIST_FILE = FreestarOBJCSample/Info.plist;
				IPHONEOS_DEPLOYMENT_TARGET = 9.0;
				LD_RUNPATH_SEARCH_PATHS = (
					"$(inherited)",
					"@executable_path/Frameworks",
				);
				PRODUCT_BUNDLE_IDENTIFIER = com.freestar.ios.ads.FreestarOBJCSample;
				PRODUCT_NAME = "$(TARGET_NAME)";
				TARGETED_DEVICE_FAMILY = "1,2";
			};
			name = Debug;
		};
		96C85A08241C53E4009BD9FB /* Release */ = {
			isa = XCBuildConfiguration;
			buildSettings = {
				ASSETCATALOG_COMPILER_APPICON_NAME = AppIcon;
				CODE_SIGN_STYLE = Automatic;
				INFOPLIST_FILE = FreestarOBJCSample/Info.plist;
				IPHONEOS_DEPLOYMENT_TARGET = 9.0;
				LD_RUNPATH_SEARCH_PATHS = (
					"$(inherited)",
					"@executable_path/Frameworks",
				);
				PRODUCT_BUNDLE_IDENTIFIER = com.freestar.ios.ads.FreestarOBJCSample;
				PRODUCT_NAME = "$(TARGET_NAME)";
				TARGETED_DEVICE_FAMILY = "1,2";
			};
			name = Release;
		};
/* End XCBuildConfiguration section */

/* Begin XCConfigurationList section */
		96C859E8241C53E1009BD9FB /* Build configuration list for PBXProject "FreestarOBJCSample" */ = {
			isa = XCConfigurationList;
			buildConfigurations = (
				96C85A04241C53E4009BD9FB /* Debug */,
				96C85A05241C53E4009BD9FB /* Release */,
			);
			defaultConfigurationIsVisible = 0;
			defaultConfigurationName = Release;
		};
		96C85A06241C53E4009BD9FB /* Build configuration list for PBXNativeTarget "FreestarOBJCSample" */ = {
			isa = XCConfigurationList;
			buildConfigurations = (
				96C85A07241C53E4009BD9FB /* Debug */,
				96C85A08241C53E4009BD9FB /* Release */,
			);
			defaultConfigurationIsVisible = 0;
			defaultConfigurationName = Release;
		};
/* End XCConfigurationList section */
	};
	rootObject = 96C859E5241C53E1009BD9FB /* Project object */;
}
